// !$*UTF8*$!
{
	archiveVersion = 1;
	classes = {
	};
	objectVersion = 46;
	objects = {

/* Begin PBXBuildFile section */
		21A5E3E5B51B42B7854A44DD /* libPods-CF360Tests.a in Frameworks */ = {isa = PBXBuildFile; fileRef = C2BAFCE7235EDFE4A3E44B66 /* libPods-CF360Tests.a */; };
		38DAB5A7C251B2774C81B8E7 /* libPods-CF360.a in Frameworks */ = {isa = PBXBuildFile; fileRef = B0C6951F40BD77502DA5C8F0 /* libPods-CF360.a */; };
		7EBB3C481E272D0100E810DA /* main.m in Sources */ = {isa = PBXBuildFile; fileRef = 7EBB3C471E272D0100E810DA /* main.m */; };
		7EBB3C531E272D0100E810DA /* Assets.xcassets in Resources */ = {isa = PBXBuildFile; fileRef = 7EBB3C521E272D0100E810DA /* Assets.xcassets */; };
		7EBB3C561E272D0100E810DA /* LaunchScreen.storyboard in Resources */ = {isa = PBXBuildFile; fileRef = 7EBB3C541E272D0100E810DA /* LaunchScreen.storyboard */; };
		7EBB3C611E272D0100E810DA /* CF360Tests.m in Sources */ = {isa = PBXBuildFile; fileRef = 7EBB3C601E272D0100E810DA /* CF360Tests.m */; };
		7EBB3C9A1E272D9000E810DA /* CFHomeViewController.m in Sources */ = {isa = PBXBuildFile; fileRef = 7EBB3C6E1E272D9000E810DA /* CFHomeViewController.m */; };
		7EBB3C9B1E272D9000E810DA /* CFLeftViewController.m in Sources */ = {isa = PBXBuildFile; fileRef = 7EBB3C721E272D9000E810DA /* CFLeftViewController.m */; };
		7EBB3C9D1E272D9000E810DA /* CFBaseViewController.m in Sources */ = {isa = PBXBuildFile; fileRef = 7EBB3C771E272D9000E810DA /* CFBaseViewController.m */; };
		7EBB3C9E1E272D9000E810DA /* CFNavgationController.m in Sources */ = {isa = PBXBuildFile; fileRef = 7EBB3C791E272D9000E810DA /* CFNavgationController.m */; };
		7EBB3C9F1E272D9000E810DA /* UIView_extra.m in Sources */ = {isa = PBXBuildFile; fileRef = 7EBB3C7D1E272D9000E810DA /* UIView_extra.m */; };
		7EBB3CA01E272D9000E810DA /* YHLeftDrawerController.m in Sources */ = {isa = PBXBuildFile; fileRef = 7EBB3C7F1E272D9000E810DA /* YHLeftDrawerController.m */; };
		7EBB3CA11E272D9000E810DA /* NSArray+YHLog.m in Sources */ = {isa = PBXBuildFile; fileRef = 7EBB3C821E272D9000E810DA /* NSArray+YHLog.m */; };
		7EBB3CA21E272D9000E810DA /* NSAttributedString+YHAddition.m in Sources */ = {isa = PBXBuildFile; fileRef = 7EBB3C841E272D9000E810DA /* NSAttributedString+YHAddition.m */; };
		7EBB3CA31E272D9000E810DA /* NSDate+YHString.m in Sources */ = {isa = PBXBuildFile; fileRef = 7EBB3C861E272D9000E810DA /* NSDate+YHString.m */; };
		7EBB3CA41E272D9000E810DA /* NSObject+YHRunTime.m in Sources */ = {isa = PBXBuildFile; fileRef = 7EBB3C881E272D9000E810DA /* NSObject+YHRunTime.m */; };
		7EBB3CA51E272D9000E810DA /* NSString+YHAddition.m in Sources */ = {isa = PBXBuildFile; fileRef = 7EBB3C8A1E272D9000E810DA /* NSString+YHAddition.m */; };
		7EBB3CA61E272D9000E810DA /* NSString+YHEncrypt.m in Sources */ = {isa = PBXBuildFile; fileRef = 7EBB3C8C1E272D9000E810DA /* NSString+YHEncrypt.m */; };
		7EBB3CA71E272D9000E810DA /* UIButton+YHAddition.m in Sources */ = {isa = PBXBuildFile; fileRef = 7EBB3C8E1E272D9000E810DA /* UIButton+YHAddition.m */; };
		7EBB3CA81E272D9000E810DA /* UIColor+YHAddition.m in Sources */ = {isa = PBXBuildFile; fileRef = 7EBB3C901E272D9000E810DA /* UIColor+YHAddition.m */; };
		7EBB3CA91E272D9000E810DA /* UILabel+YHAddition.m in Sources */ = {isa = PBXBuildFile; fileRef = 7EBB3C921E272D9000E810DA /* UILabel+YHAddition.m */; };
		7EBB3CAA1E272D9000E810DA /* UIScreen+YHAddition.m in Sources */ = {isa = PBXBuildFile; fileRef = 7EBB3C941E272D9000E810DA /* UIScreen+YHAddition.m */; };
		7EBB3CAB1E272D9000E810DA /* UIView+YHAddition.m in Sources */ = {isa = PBXBuildFile; fileRef = 7EBB3C961E272D9000E810DA /* UIView+YHAddition.m */; };
		7EBB3CAC1E272D9000E810DA /* UIViewController+YHAddition.m in Sources */ = {isa = PBXBuildFile; fileRef = 7EBB3C981E272D9000E810DA /* UIViewController+YHAddition.m */; };
		7EBB3CAD1E272F7200E810DA /* AppDelegate.m in Sources */ = {isa = PBXBuildFile; fileRef = 7EBB3C751E272D9000E810DA /* AppDelegate.m */; };
/* End PBXBuildFile section */

/* Begin PBXContainerItemProxy section */
		7EBB3C5D1E272D0100E810DA /* PBXContainerItemProxy */ = {
			isa = PBXContainerItemProxy;
			containerPortal = 7EBB3C3B1E272D0100E810DA /* Project object */;
			proxyType = 1;
			remoteGlobalIDString = 7EBB3C421E272D0100E810DA;
			remoteInfo = CF360;
		};
/* End PBXContainerItemProxy section */

/* Begin PBXFileReference section */
		4ED1419B254BFF38F8D47442 /* Pods-CF360Tests.debug.xcconfig */ = {isa = PBXFileReference; includeInIndex = 1; lastKnownFileType = text.xcconfig; name = "Pods-CF360Tests.debug.xcconfig"; path = "Pods/Target Support Files/Pods-CF360Tests/Pods-CF360Tests.debug.xcconfig"; sourceTree = "<group>"; };
		58233FFB200C27DCDEC53DA9 /* Pods-CF360.release.xcconfig */ = {isa = PBXFileReference; includeInIndex = 1; lastKnownFileType = text.xcconfig; name = "Pods-CF360.release.xcconfig"; path = "Pods/Target Support Files/Pods-CF360/Pods-CF360.release.xcconfig"; sourceTree = "<group>"; };
		7EBB3C431E272D0100E810DA /* CF360.app */ = {isa = PBXFileReference; explicitFileType = wrapper.application; includeInIndex = 0; path = CF360.app; sourceTree = BUILT_PRODUCTS_DIR; };
		7EBB3C471E272D0100E810DA /* main.m */ = {isa = PBXFileReference; lastKnownFileType = sourcecode.c.objc; path = main.m; sourceTree = "<group>"; };
		7EBB3C521E272D0100E810DA /* Assets.xcassets */ = {isa = PBXFileReference; lastKnownFileType = folder.assetcatalog; path = Assets.xcassets; sourceTree = "<group>"; };
		7EBB3C551E272D0100E810DA /* Base */ = {isa = PBXFileReference; lastKnownFileType = file.storyboard; name = Base; path = Base.lproj/LaunchScreen.storyboard; sourceTree = "<group>"; };
		7EBB3C571E272D0100E810DA /* Info.plist */ = {isa = PBXFileReference; lastKnownFileType = text.plist.xml; path = Info.plist; sourceTree = "<group>"; };
		7EBB3C5C1E272D0100E810DA /* CF360Tests.xctest */ = {isa = PBXFileReference; explicitFileType = wrapper.cfbundle; includeInIndex = 0; path = CF360Tests.xctest; sourceTree = BUILT_PRODUCTS_DIR; };
		7EBB3C601E272D0100E810DA /* CF360Tests.m */ = {isa = PBXFileReference; lastKnownFileType = sourcecode.c.objc; path = CF360Tests.m; sourceTree = "<group>"; };
		7EBB3C621E272D0100E810DA /* Info.plist */ = {isa = PBXFileReference; lastKnownFileType = text.plist.xml; path = Info.plist; sourceTree = "<group>"; };
		7EBB3C6D1E272D9000E810DA /* CFHomeViewController.h */ = {isa = PBXFileReference; fileEncoding = 4; lastKnownFileType = sourcecode.c.h; path = CFHomeViewController.h; sourceTree = "<group>"; };
		7EBB3C6E1E272D9000E810DA /* CFHomeViewController.m */ = {isa = PBXFileReference; fileEncoding = 4; lastKnownFileType = sourcecode.c.objc; path = CFHomeViewController.m; sourceTree = "<group>"; };
		7EBB3C711E272D9000E810DA /* CFLeftViewController.h */ = {isa = PBXFileReference; fileEncoding = 4; lastKnownFileType = sourcecode.c.h; path = CFLeftViewController.h; sourceTree = "<group>"; };
		7EBB3C721E272D9000E810DA /* CFLeftViewController.m */ = {isa = PBXFileReference; fileEncoding = 4; lastKnownFileType = sourcecode.c.objc; path = CFLeftViewController.m; sourceTree = "<group>"; };
		7EBB3C741E272D9000E810DA /* AppDelegate.h */ = {isa = PBXFileReference; fileEncoding = 4; lastKnownFileType = sourcecode.c.h; path = AppDelegate.h; sourceTree = "<group>"; };
		7EBB3C751E272D9000E810DA /* AppDelegate.m */ = {isa = PBXFileReference; fileEncoding = 4; lastKnownFileType = sourcecode.c.objc; path = AppDelegate.m; sourceTree = "<group>"; };
		7EBB3C761E272D9000E810DA /* CFBaseViewController.h */ = {isa = PBXFileReference; fileEncoding = 4; lastKnownFileType = sourcecode.c.h; path = CFBaseViewController.h; sourceTree = "<group>"; };
		7EBB3C771E272D9000E810DA /* CFBaseViewController.m */ = {isa = PBXFileReference; fileEncoding = 4; lastKnownFileType = sourcecode.c.objc; path = CFBaseViewController.m; sourceTree = "<group>"; };
		7EBB3C781E272D9000E810DA /* CFNavgationController.h */ = {isa = PBXFileReference; fileEncoding = 4; lastKnownFileType = sourcecode.c.h; path = CFNavgationController.h; sourceTree = "<group>"; };
		7EBB3C791E272D9000E810DA /* CFNavgationController.m */ = {isa = PBXFileReference; fileEncoding = 4; lastKnownFileType = sourcecode.c.objc; path = CFNavgationController.m; sourceTree = "<group>"; };
		7EBB3C7C1E272D9000E810DA /* UIView_extra.h */ = {isa = PBXFileReference; fileEncoding = 4; lastKnownFileType = sourcecode.c.h; path = UIView_extra.h; sourceTree = "<group>"; };
		7EBB3C7D1E272D9000E810DA /* UIView_extra.m */ = {isa = PBXFileReference; fileEncoding = 4; lastKnownFileType = sourcecode.c.objc; path = UIView_extra.m; sourceTree = "<group>"; };
		7EBB3C7E1E272D9000E810DA /* YHLeftDrawerController.h */ = {isa = PBXFileReference; fileEncoding = 4; lastKnownFileType = sourcecode.c.h; path = YHLeftDrawerController.h; sourceTree = "<group>"; };
		7EBB3C7F1E272D9000E810DA /* YHLeftDrawerController.m */ = {isa = PBXFileReference; fileEncoding = 4; lastKnownFileType = sourcecode.c.objc; path = YHLeftDrawerController.m; sourceTree = "<group>"; };
		7EBB3C811E272D9000E810DA /* NSArray+YHLog.h */ = {isa = PBXFileReference; fileEncoding = 4; lastKnownFileType = sourcecode.c.h; path = "NSArray+YHLog.h"; sourceTree = "<group>"; };
		7EBB3C821E272D9000E810DA /* NSArray+YHLog.m */ = {isa = PBXFileReference; fileEncoding = 4; lastKnownFileType = sourcecode.c.objc; path = "NSArray+YHLog.m"; sourceTree = "<group>"; };
		7EBB3C831E272D9000E810DA /* NSAttributedString+YHAddition.h */ = {isa = PBXFileReference; fileEncoding = 4; lastKnownFileType = sourcecode.c.h; path = "NSAttributedString+YHAddition.h"; sourceTree = "<group>"; };
		7EBB3C841E272D9000E810DA /* NSAttributedString+YHAddition.m */ = {isa = PBXFileReference; fileEncoding = 4; lastKnownFileType = sourcecode.c.objc; path = "NSAttributedString+YHAddition.m"; sourceTree = "<group>"; };
		7EBB3C851E272D9000E810DA /* NSDate+YHString.h */ = {isa = PBXFileReference; fileEncoding = 4; lastKnownFileType = sourcecode.c.h; path = "NSDate+YHString.h"; sourceTree = "<group>"; };
		7EBB3C861E272D9000E810DA /* NSDate+YHString.m */ = {isa = PBXFileReference; fileEncoding = 4; lastKnownFileType = sourcecode.c.objc; path = "NSDate+YHString.m"; sourceTree = "<group>"; };
		7EBB3C871E272D9000E810DA /* NSObject+YHRunTime.h */ = {isa = PBXFileReference; fileEncoding = 4; lastKnownFileType = sourcecode.c.h; path = "NSObject+YHRunTime.h"; sourceTree = "<group>"; };
		7EBB3C881E272D9000E810DA /* NSObject+YHRunTime.m */ = {isa = PBXFileReference; fileEncoding = 4; lastKnownFileType = sourcecode.c.objc; path = "NSObject+YHRunTime.m"; sourceTree = "<group>"; };
		7EBB3C891E272D9000E810DA /* NSString+YHAddition.h */ = {isa = PBXFileReference; fileEncoding = 4; lastKnownFileType = sourcecode.c.h; path = "NSString+YHAddition.h"; sourceTree = "<group>"; };
		7EBB3C8A1E272D9000E810DA /* NSString+YHAddition.m */ = {isa = PBXFileReference; fileEncoding = 4; lastKnownFileType = sourcecode.c.objc; path = "NSString+YHAddition.m"; sourceTree = "<group>"; };
		7EBB3C8B1E272D9000E810DA /* NSString+YHEncrypt.h */ = {isa = PBXFileReference; fileEncoding = 4; lastKnownFileType = sourcecode.c.h; path = "NSString+YHEncrypt.h"; sourceTree = "<group>"; };
		7EBB3C8C1E272D9000E810DA /* NSString+YHEncrypt.m */ = {isa = PBXFileReference; fileEncoding = 4; lastKnownFileType = sourcecode.c.objc; path = "NSString+YHEncrypt.m"; sourceTree = "<group>"; };
		7EBB3C8D1E272D9000E810DA /* UIButton+YHAddition.h */ = {isa = PBXFileReference; fileEncoding = 4; lastKnownFileType = sourcecode.c.h; path = "UIButton+YHAddition.h"; sourceTree = "<group>"; };
		7EBB3C8E1E272D9000E810DA /* UIButton+YHAddition.m */ = {isa = PBXFileReference; fileEncoding = 4; lastKnownFileType = sourcecode.c.objc; path = "UIButton+YHAddition.m"; sourceTree = "<group>"; };
		7EBB3C8F1E272D9000E810DA /* UIColor+YHAddition.h */ = {isa = PBXFileReference; fileEncoding = 4; lastKnownFileType = sourcecode.c.h; path = "UIColor+YHAddition.h"; sourceTree = "<group>"; };
		7EBB3C901E272D9000E810DA /* UIColor+YHAddition.m */ = {isa = PBXFileReference; fileEncoding = 4; lastKnownFileType = sourcecode.c.objc; path = "UIColor+YHAddition.m"; sourceTree = "<group>"; };
		7EBB3C911E272D9000E810DA /* UILabel+YHAddition.h */ = {isa = PBXFileReference; fileEncoding = 4; lastKnownFileType = sourcecode.c.h; path = "UILabel+YHAddition.h"; sourceTree = "<group>"; };
		7EBB3C921E272D9000E810DA /* UILabel+YHAddition.m */ = {isa = PBXFileReference; fileEncoding = 4; lastKnownFileType = sourcecode.c.objc; path = "UILabel+YHAddition.m"; sourceTree = "<group>"; };
		7EBB3C931E272D9000E810DA /* UIScreen+YHAddition.h */ = {isa = PBXFileReference; fileEncoding = 4; lastKnownFileType = sourcecode.c.h; path = "UIScreen+YHAddition.h"; sourceTree = "<group>"; };
		7EBB3C941E272D9000E810DA /* UIScreen+YHAddition.m */ = {isa = PBXFileReference; fileEncoding = 4; lastKnownFileType = sourcecode.c.objc; path = "UIScreen+YHAddition.m"; sourceTree = "<group>"; };
		7EBB3C951E272D9000E810DA /* UIView+YHAddition.h */ = {isa = PBXFileReference; fileEncoding = 4; lastKnownFileType = sourcecode.c.h; path = "UIView+YHAddition.h"; sourceTree = "<group>"; };
		7EBB3C961E272D9000E810DA /* UIView+YHAddition.m */ = {isa = PBXFileReference; fileEncoding = 4; lastKnownFileType = sourcecode.c.objc; path = "UIView+YHAddition.m"; sourceTree = "<group>"; };
		7EBB3C971E272D9000E810DA /* UIViewController+YHAddition.h */ = {isa = PBXFileReference; fileEncoding = 4; lastKnownFileType = sourcecode.c.h; path = "UIViewController+YHAddition.h"; sourceTree = "<group>"; };
		7EBB3C981E272D9000E810DA /* UIViewController+YHAddition.m */ = {isa = PBXFileReference; fileEncoding = 4; lastKnownFileType = sourcecode.c.objc; path = "UIViewController+YHAddition.m"; sourceTree = "<group>"; };
		7EBB3C991E272D9000E810DA /* YHHeader.h */ = {isa = PBXFileReference; fileEncoding = 4; lastKnownFileType = sourcecode.c.h; path = YHHeader.h; sourceTree = "<group>"; };
		7EBB3CAE1E2731E900E810DA /* PrefixHeader.pch */ = {isa = PBXFileReference; lastKnownFileType = sourcecode.c.h; path = PrefixHeader.pch; sourceTree = "<group>"; };
		B0C6951F40BD77502DA5C8F0 /* libPods-CF360.a */ = {isa = PBXFileReference; explicitFileType = archive.ar; includeInIndex = 0; path = "libPods-CF360.a"; sourceTree = BUILT_PRODUCTS_DIR; };
		C2BAFCE7235EDFE4A3E44B66 /* libPods-CF360Tests.a */ = {isa = PBXFileReference; explicitFileType = archive.ar; includeInIndex = 0; path = "libPods-CF360Tests.a"; sourceTree = BUILT_PRODUCTS_DIR; };
		C4EFFE4F8C1E8EC35A0FFEF3 /* Pods-CF360Tests.release.xcconfig */ = {isa = PBXFileReference; includeInIndex = 1; lastKnownFileType = text.xcconfig; name = "Pods-CF360Tests.release.xcconfig"; path = "Pods/Target Support Files/Pods-CF360Tests/Pods-CF360Tests.release.xcconfig"; sourceTree = "<group>"; };
		EFA50BFC62D3BEEE642C73A3 /* Pods-CF360.debug.xcconfig */ = {isa = PBXFileReference; includeInIndex = 1; lastKnownFileType = text.xcconfig; name = "Pods-CF360.debug.xcconfig"; path = "Pods/Target Support Files/Pods-CF360/Pods-CF360.debug.xcconfig"; sourceTree = "<group>"; };
/* End PBXFileReference section */

/* Begin PBXFrameworksBuildPhase section */
		7EBB3C401E272D0100E810DA /* Frameworks */ = {
			isa = PBXFrameworksBuildPhase;
			buildActionMask = 2147483647;
			files = (
				38DAB5A7C251B2774C81B8E7 /* libPods-CF360.a in Frameworks */,
			);
			runOnlyForDeploymentPostprocessing = 0;
		};
		7EBB3C591E272D0100E810DA /* Frameworks */ = {
			isa = PBXFrameworksBuildPhase;
			buildActionMask = 2147483647;
			files = (
				21A5E3E5B51B42B7854A44DD /* libPods-CF360Tests.a in Frameworks */,
			);
			runOnlyForDeploymentPostprocessing = 0;
		};
/* End PBXFrameworksBuildPhase section */

/* Begin PBXGroup section */
		018DCFB14543F48A9B5919D4 /* Pods */ = {
			isa = PBXGroup;
			children = (
				EFA50BFC62D3BEEE642C73A3 /* Pods-CF360.debug.xcconfig */,
				58233FFB200C27DCDEC53DA9 /* Pods-CF360.release.xcconfig */,
				4ED1419B254BFF38F8D47442 /* Pods-CF360Tests.debug.xcconfig */,
				C4EFFE4F8C1E8EC35A0FFEF3 /* Pods-CF360Tests.release.xcconfig */,
			);
			name = Pods;
			sourceTree = "<group>";
		};
		7EBB3C3A1E272D0100E810DA = {
			isa = PBXGroup;
			children = (
				7EBB3C451E272D0100E810DA /* CF360 */,
				7EBB3C5F1E272D0100E810DA /* CF360Tests */,
				7EBB3C441E272D0100E810DA /* Products */,
				018DCFB14543F48A9B5919D4 /* Pods */,
				B2502AF879B97E9929AA794F /* Frameworks */,
			);
			sourceTree = "<group>";
		};
		7EBB3C441E272D0100E810DA /* Products */ = {
			isa = PBXGroup;
			children = (
				7EBB3C431E272D0100E810DA /* CF360.app */,
				7EBB3C5C1E272D0100E810DA /* CF360Tests.xctest */,
			);
			name = Products;
			sourceTree = "<group>";
		};
		7EBB3C451E272D0100E810DA /* CF360 */ = {
			isa = PBXGroup;
			children = (
				7EBB3C731E272D9000E810DA /* Main */,
				7EBB3C6F1E272D9000E810DA /* LeftMenu */,
				7EBB3C6B1E272D9000E810DA /* Home */,
				7EBB3C7A1E272D9000E810DA /* Other */,
				7EBB3C461E272D0100E810DA /* Supporting Files */,
			);
			path = CF360;
			sourceTree = "<group>";
		};
		7EBB3C461E272D0100E810DA /* Supporting Files */ = {
			isa = PBXGroup;
			children = (
				7EBB3C521E272D0100E810DA /* Assets.xcassets */,
				7EBB3C541E272D0100E810DA /* LaunchScreen.storyboard */,
				7EBB3C571E272D0100E810DA /* Info.plist */,
				7EBB3C471E272D0100E810DA /* main.m */,
				7EBB3CAE1E2731E900E810DA /* PrefixHeader.pch */,
			);
			name = "Supporting Files";
			sourceTree = "<group>";
		};
		7EBB3C5F1E272D0100E810DA /* CF360Tests */ = {
			isa = PBXGroup;
			children = (
				7EBB3C601E272D0100E810DA /* CF360Tests.m */,
				7EBB3C621E272D0100E810DA /* Info.plist */,
			);
			path = CF360Tests;
			sourceTree = "<group>";
		};
		7EBB3C6B1E272D9000E810DA /* Home */ = {
			isa = PBXGroup;
			children = (
				7EBB3C6C1E272D9000E810DA /* Home-首页 */,
			);
			path = Home;
			sourceTree = "<group>";
		};
		7EBB3C6C1E272D9000E810DA /* Home-首页 */ = {
			isa = PBXGroup;
			children = (
				7EBB3C6D1E272D9000E810DA /* CFHomeViewController.h */,
				7EBB3C6E1E272D9000E810DA /* CFHomeViewController.m */,
			);
			path = "Home-首页";
			sourceTree = "<group>";
		};
		7EBB3C6F1E272D9000E810DA /* LeftMenu */ = {
			isa = PBXGroup;
			children = (
				7EBB3C701E272D9000E810DA /* LeftMenu-首页 */,
			);
			path = LeftMenu;
			sourceTree = "<group>";
		};
		7EBB3C701E272D9000E810DA /* LeftMenu-首页 */ = {
			isa = PBXGroup;
			children = (
				7EBB3C711E272D9000E810DA /* CFLeftViewController.h */,
				7EBB3C721E272D9000E810DA /* CFLeftViewController.m */,
			);
			path = "LeftMenu-首页";
			sourceTree = "<group>";
		};
		7EBB3C731E272D9000E810DA /* Main */ = {
			isa = PBXGroup;
			children = (
				7EBB3C741E272D9000E810DA /* AppDelegate.h */,
				7EBB3C751E272D9000E810DA /* AppDelegate.m */,
				7EBB3C761E272D9000E810DA /* CFBaseViewController.h */,
				7EBB3C771E272D9000E810DA /* CFBaseViewController.m */,
				7EBB3C781E272D9000E810DA /* CFNavgationController.h */,
				7EBB3C791E272D9000E810DA /* CFNavgationController.m */,
			);
			path = Main;
			sourceTree = "<group>";
		};
		7EBB3C7A1E272D9000E810DA /* Other */ = {
			isa = PBXGroup;
			children = (
				7EBB3C7B1E272D9000E810DA /* LeftDrawerController */,
				7EBB3C801E272D9000E810DA /* Tools */,
			);
			path = Other;
			sourceTree = "<group>";
		};
		7EBB3C7B1E272D9000E810DA /* LeftDrawerController */ = {
			isa = PBXGroup;
			children = (
				7EBB3C7C1E272D9000E810DA /* UIView_extra.h */,
				7EBB3C7D1E272D9000E810DA /* UIView_extra.m */,
				7EBB3C7E1E272D9000E810DA /* YHLeftDrawerController.h */,
				7EBB3C7F1E272D9000E810DA /* YHLeftDrawerController.m */,
			);
			path = LeftDrawerController;
			sourceTree = "<group>";
		};
		7EBB3C801E272D9000E810DA /* Tools */ = {
			isa = PBXGroup;
			children = (
				7EBB3C811E272D9000E810DA /* NSArray+YHLog.h */,
				7EBB3C821E272D9000E810DA /* NSArray+YHLog.m */,
				7EBB3C831E272D9000E810DA /* NSAttributedString+YHAddition.h */,
				7EBB3C841E272D9000E810DA /* NSAttributedString+YHAddition.m */,
				7EBB3C851E272D9000E810DA /* NSDate+YHString.h */,
				7EBB3C861E272D9000E810DA /* NSDate+YHString.m */,
				7EBB3C871E272D9000E810DA /* NSObject+YHRunTime.h */,
				7EBB3C881E272D9000E810DA /* NSObject+YHRunTime.m */,
				7EBB3C891E272D9000E810DA /* NSString+YHAddition.h */,
				7EBB3C8A1E272D9000E810DA /* NSString+YHAddition.m */,
				7EBB3C8B1E272D9000E810DA /* NSString+YHEncrypt.h */,
				7EBB3C8C1E272D9000E810DA /* NSString+YHEncrypt.m */,
				7EBB3C8D1E272D9000E810DA /* UIButton+YHAddition.h */,
				7EBB3C8E1E272D9000E810DA /* UIButton+YHAddition.m */,
				7EBB3C8F1E272D9000E810DA /* UIColor+YHAddition.h */,
				7EBB3C901E272D9000E810DA /* UIColor+YHAddition.m */,
				7EBB3C911E272D9000E810DA /* UILabel+YHAddition.h */,
				7EBB3C921E272D9000E810DA /* UILabel+YHAddition.m */,
				7EBB3C931E272D9000E810DA /* UIScreen+YHAddition.h */,
				7EBB3C941E272D9000E810DA /* UIScreen+YHAddition.m */,
				7EBB3C951E272D9000E810DA /* UIView+YHAddition.h */,
				7EBB3C961E272D9000E810DA /* UIView+YHAddition.m */,
				7EBB3C971E272D9000E810DA /* UIViewController+YHAddition.h */,
				7EBB3C981E272D9000E810DA /* UIViewController+YHAddition.m */,
				7EBB3C991E272D9000E810DA /* YHHeader.h */,
			);
			path = Tools;
			sourceTree = "<group>";
		};
		B2502AF879B97E9929AA794F /* Frameworks */ = {
			isa = PBXGroup;
			children = (
				B0C6951F40BD77502DA5C8F0 /* libPods-CF360.a */,
				C2BAFCE7235EDFE4A3E44B66 /* libPods-CF360Tests.a */,
			);
			name = Frameworks;
			sourceTree = "<group>";
		};
/* End PBXGroup section */

/* Begin PBXNativeTarget section */
		7EBB3C421E272D0100E810DA /* CF360 */ = {
			isa = PBXNativeTarget;
			buildConfigurationList = 7EBB3C651E272D0100E810DA /* Build configuration list for PBXNativeTarget "CF360" */;
			buildPhases = (
				66801F8ED4FCD37F0C082A47 /* [CP] Check Pods Manifest.lock */,
				7EBB3C3F1E272D0100E810DA /* Sources */,
				7EBB3C401E272D0100E810DA /* Frameworks */,
				7EBB3C411E272D0100E810DA /* Resources */,
				942612D05927BC9F31903675 /* [CP] Embed Pods Frameworks */,
				81E1F2B8D9D3A9481567CCB5 /* [CP] Copy Pods Resources */,
			);
			buildRules = (
			);
			dependencies = (
			);
			name = CF360;
			productName = CF360;
			productReference = 7EBB3C431E272D0100E810DA /* CF360.app */;
			productType = "com.apple.product-type.application";
		};
		7EBB3C5B1E272D0100E810DA /* CF360Tests */ = {
			isa = PBXNativeTarget;
			buildConfigurationList = 7EBB3C681E272D0100E810DA /* Build configuration list for PBXNativeTarget "CF360Tests" */;
			buildPhases = (
				42FF43374EBB79DA698F6550 /* [CP] Check Pods Manifest.lock */,
				7EBB3C581E272D0100E810DA /* Sources */,
				7EBB3C591E272D0100E810DA /* Frameworks */,
				7EBB3C5A1E272D0100E810DA /* Resources */,
				999C31CC1DA017AD95D21B37 /* [CP] Embed Pods Frameworks */,
				E1BA681946285B063DD4A5CB /* [CP] Copy Pods Resources */,
			);
			buildRules = (
			);
			dependencies = (
				7EBB3C5E1E272D0100E810DA /* PBXTargetDependency */,
			);
			name = CF360Tests;
			productName = CF360Tests;
			productReference = 7EBB3C5C1E272D0100E810DA /* CF360Tests.xctest */;
			productType = "com.apple.product-type.bundle.unit-test";
		};
/* End PBXNativeTarget section */

/* Begin PBXProject section */
		7EBB3C3B1E272D0100E810DA /* Project object */ = {
			isa = PBXProject;
			attributes = {
				LastUpgradeCheck = 0820;
				ORGANIZATIONNAME = junde;
				TargetAttributes = {
					7EBB3C421E272D0100E810DA = {
						CreatedOnToolsVersion = 8.2.1;
						ProvisioningStyle = Automatic;
					};
					7EBB3C5B1E272D0100E810DA = {
						CreatedOnToolsVersion = 8.2.1;
						ProvisioningStyle = Automatic;
						TestTargetID = 7EBB3C421E272D0100E810DA;
					};
				};
			};
			buildConfigurationList = 7EBB3C3E1E272D0100E810DA /* Build configuration list for PBXProject "CF360" */;
			compatibilityVersion = "Xcode 3.2";
			developmentRegion = English;
			hasScannedForEncodings = 0;
			knownRegions = (
				en,
				Base,
			);
			mainGroup = 7EBB3C3A1E272D0100E810DA;
			productRefGroup = 7EBB3C441E272D0100E810DA /* Products */;
			projectDirPath = "";
			projectRoot = "";
			targets = (
				7EBB3C421E272D0100E810DA /* CF360 */,
				7EBB3C5B1E272D0100E810DA /* CF360Tests */,
			);
		};
/* End PBXProject section */

/* Begin PBXResourcesBuildPhase section */
		7EBB3C411E272D0100E810DA /* Resources */ = {
			isa = PBXResourcesBuildPhase;
			buildActionMask = 2147483647;
			files = (
				7EBB3C561E272D0100E810DA /* LaunchScreen.storyboard in Resources */,
				7EBB3C531E272D0100E810DA /* Assets.xcassets in Resources */,
			);
			runOnlyForDeploymentPostprocessing = 0;
		};
		7EBB3C5A1E272D0100E810DA /* Resources */ = {
			isa = PBXResourcesBuildPhase;
			buildActionMask = 2147483647;
			files = (
			);
			runOnlyForDeploymentPostprocessing = 0;
		};
/* End PBXResourcesBuildPhase section */

/* Begin PBXShellScriptBuildPhase section */
		42FF43374EBB79DA698F6550 /* [CP] Check Pods Manifest.lock */ = {
			isa = PBXShellScriptBuildPhase;
			buildActionMask = 2147483647;
			files = (
			);
			inputPaths = (
			);
			name = "[CP] Check Pods Manifest.lock";
			outputPaths = (
			);
			runOnlyForDeploymentPostprocessing = 0;
			shellPath = /bin/sh;
			shellScript = "diff \"${PODS_ROOT}/../Podfile.lock\" \"${PODS_ROOT}/Manifest.lock\" > /dev/null\nif [ $? != 0 ] ; then\n    # print error to STDERR\n    echo \"error: The sandbox is not in sync with the Podfile.lock. Run 'pod install' or update your CocoaPods installation.\" >&2\n    exit 1\nfi\n";
			showEnvVarsInLog = 0;
		};
		66801F8ED4FCD37F0C082A47 /* [CP] Check Pods Manifest.lock */ = {
			isa = PBXShellScriptBuildPhase;
			buildActionMask = 2147483647;
			files = (
			);
			inputPaths = (
			);
			name = "[CP] Check Pods Manifest.lock";
			outputPaths = (
			);
			runOnlyForDeploymentPostprocessing = 0;
			shellPath = /bin/sh;
			shellScript = "diff \"${PODS_ROOT}/../Podfile.lock\" \"${PODS_ROOT}/Manifest.lock\" > /dev/null\nif [ $? != 0 ] ; then\n    # print error to STDERR\n    echo \"error: The sandbox is not in sync with the Podfile.lock. Run 'pod install' or update your CocoaPods installation.\" >&2\n    exit 1\nfi\n";
			showEnvVarsInLog = 0;
		};
		81E1F2B8D9D3A9481567CCB5 /* [CP] Copy Pods Resources */ = {
			isa = PBXShellScriptBuildPhase;
			buildActionMask = 2147483647;
			files = (
			);
			inputPaths = (
			);
			name = "[CP] Copy Pods Resources";
			outputPaths = (
			);
			runOnlyForDeploymentPostprocessing = 0;
			shellPath = /bin/sh;
			shellScript = "\"${SRCROOT}/Pods/Target Support Files/Pods-CF360/Pods-CF360-resources.sh\"\n";
			showEnvVarsInLog = 0;
		};
		942612D05927BC9F31903675 /* [CP] Embed Pods Frameworks */ = {
			isa = PBXShellScriptBuildPhase;
			buildActionMask = 2147483647;
			files = (
			);
			inputPaths = (
			);
			name = "[CP] Embed Pods Frameworks";
			outputPaths = (
			);
			runOnlyForDeploymentPostprocessing = 0;
			shellPath = /bin/sh;
			shellScript = "\"${SRCROOT}/Pods/Target Support Files/Pods-CF360/Pods-CF360-frameworks.sh\"\n";
			showEnvVarsInLog = 0;
		};
		999C31CC1DA017AD95D21B37 /* [CP] Embed Pods Frameworks */ = {
			isa = PBXShellScriptBuildPhase;
			buildActionMask = 2147483647;
			files = (
			);
			inputPaths = (
			);
			name = "[CP] Embed Pods Frameworks";
			outputPaths = (
			);
			runOnlyForDeploymentPostprocessing = 0;
			shellPath = /bin/sh;
			shellScript = "\"${SRCROOT}/Pods/Target Support Files/Pods-CF360Tests/Pods-CF360Tests-frameworks.sh\"\n";
			showEnvVarsInLog = 0;
		};
		E1BA681946285B063DD4A5CB /* [CP] Copy Pods Resources */ = {
			isa = PBXShellScriptBuildPhase;
			buildActionMask = 2147483647;
			files = (
			);
			inputPaths = (
			);
			name = "[CP] Copy Pods Resources";
			outputPaths = (
			);
			runOnlyForDeploymentPostprocessing = 0;
			shellPath = /bin/sh;
			shellScript = "\"${SRCROOT}/Pods/Target Support Files/Pods-CF360Tests/Pods-CF360Tests-resources.sh\"\n";
			showEnvVarsInLog = 0;
		};
/* End PBXShellScriptBuildPhase section */

/* Begin PBXSourcesBuildPhase section */
		7EBB3C3F1E272D0100E810DA /* Sources */ = {
			isa = PBXSourcesBuildPhase;
			buildActionMask = 2147483647;
			files = (
				7EBB3CAD1E272F7200E810DA /* AppDelegate.m in Sources */,
				7EBB3CA51E272D9000E810DA /* NSString+YHAddition.m in Sources */,
				7EBB3CA41E272D9000E810DA /* NSObject+YHRunTime.m in Sources */,
				7EBB3CA71E272D9000E810DA /* UIButton+YHAddition.m in Sources */,
				7EBB3C9B1E272D9000E810DA /* CFLeftViewController.m in Sources */,
				7EBB3C9E1E272D9000E810DA /* CFNavgationController.m in Sources */,
				7EBB3CA61E272D9000E810DA /* NSString+YHEncrypt.m in Sources */,
				7EBB3C481E272D0100E810DA /* main.m in Sources */,
				7EBB3C9A1E272D9000E810DA /* CFHomeViewController.m in Sources */,
				7EBB3CA81E272D9000E810DA /* UIColor+YHAddition.m in Sources */,
				7EBB3CAC1E272D9000E810DA /* UIViewController+YHAddition.m in Sources */,
				7EBB3C9F1E272D9000E810DA /* UIView_extra.m in Sources */,
				7EBB3CAB1E272D9000E810DA /* UIView+YHAddition.m in Sources */,
				7EBB3CA11E272D9000E810DA /* NSArray+YHLog.m in Sources */,
				7EBB3CA21E272D9000E810DA /* NSAttributedString+YHAddition.m in Sources */,
				7EBB3CA91E272D9000E810DA /* UILabel+YHAddition.m in Sources */,
				7EBB3C9D1E272D9000E810DA /* CFBaseViewController.m in Sources */,
				7EBB3CA01E272D9000E810DA /* YHLeftDrawerController.m in Sources */,
				7EBB3CA31E272D9000E810DA /* NSDate+YHString.m in Sources */,
				7EBB3CAA1E272D9000E810DA /* UIScreen+YHAddition.m in Sources */,
			);
			runOnlyForDeploymentPostprocessing = 0;
		};
		7EBB3C581E272D0100E810DA /* Sources */ = {
			isa = PBXSourcesBuildPhase;
			buildActionMask = 2147483647;
			files = (
				7EBB3C611E272D0100E810DA /* CF360Tests.m in Sources */,
			);
			runOnlyForDeploymentPostprocessing = 0;
		};
/* End PBXSourcesBuildPhase section */

/* Begin PBXTargetDependency section */
		7EBB3C5E1E272D0100E810DA /* PBXTargetDependency */ = {
			isa = PBXTargetDependency;
			target = 7EBB3C421E272D0100E810DA /* CF360 */;
			targetProxy = 7EBB3C5D1E272D0100E810DA /* PBXContainerItemProxy */;
		};
/* End PBXTargetDependency section */

/* Begin PBXVariantGroup section */
		7EBB3C541E272D0100E810DA /* LaunchScreen.storyboard */ = {
			isa = PBXVariantGroup;
			children = (
				7EBB3C551E272D0100E810DA /* Base */,
			);
			name = LaunchScreen.storyboard;
			sourceTree = "<group>";
		};
/* End PBXVariantGroup section */

/* Begin XCBuildConfiguration section */
		7EBB3C631E272D0100E810DA /* Debug */ = {
			isa = XCBuildConfiguration;
			buildSettings = {
				ALWAYS_SEARCH_USER_PATHS = NO;
				CLANG_ANALYZER_NONNULL = YES;
				CLANG_CXX_LANGUAGE_STANDARD = "gnu++0x";
				CLANG_CXX_LIBRARY = "libc++";
				CLANG_ENABLE_MODULES = YES;
				CLANG_ENABLE_OBJC_ARC = YES;
				CLANG_WARN_BOOL_CONVERSION = YES;
				CLANG_WARN_CONSTANT_CONVERSION = YES;
				CLANG_WARN_DIRECT_OBJC_ISA_USAGE = YES_ERROR;
				CLANG_WARN_DOCUMENTATION_COMMENTS = YES;
				CLANG_WARN_EMPTY_BODY = YES;
				CLANG_WARN_ENUM_CONVERSION = YES;
				CLANG_WARN_INFINITE_RECURSION = YES;
				CLANG_WARN_INT_CONVERSION = YES;
				CLANG_WARN_OBJC_ROOT_CLASS = YES_ERROR;
				CLANG_WARN_SUSPICIOUS_MOVE = YES;
				CLANG_WARN_UNREACHABLE_CODE = YES;
				CLANG_WARN__DUPLICATE_METHOD_MATCH = YES;
				"CODE_SIGN_IDENTITY[sdk=iphoneos*]" = "iPhone Developer";
				COPY_PHASE_STRIP = NO;
				DEBUG_INFORMATION_FORMAT = dwarf;
				ENABLE_STRICT_OBJC_MSGSEND = YES;
				ENABLE_TESTABILITY = YES;
				GCC_C_LANGUAGE_STANDARD = gnu99;
				GCC_DYNAMIC_NO_PIC = NO;
				GCC_NO_COMMON_BLOCKS = YES;
				GCC_OPTIMIZATION_LEVEL = 0;
				GCC_PREPROCESSOR_DEFINITIONS = (
					"DEBUG=1",
					"$(inherited)",
				);
				GCC_WARN_64_TO_32_BIT_CONVERSION = YES;
				GCC_WARN_ABOUT_RETURN_TYPE = YES_ERROR;
				GCC_WARN_UNDECLARED_SELECTOR = YES;
				GCC_WARN_UNINITIALIZED_AUTOS = YES_AGGRESSIVE;
				GCC_WARN_UNUSED_FUNCTION = YES;
				GCC_WARN_UNUSED_VARIABLE = YES;
				IPHONEOS_DEPLOYMENT_TARGET = 10.2;
				MTL_ENABLE_DEBUG_INFO = YES;
				ONLY_ACTIVE_ARCH = YES;
				SDKROOT = iphoneos;
			};
			name = Debug;
		};
		7EBB3C641E272D0100E810DA /* Release */ = {
			isa = XCBuildConfiguration;
			buildSettings = {
				ALWAYS_SEARCH_USER_PATHS = NO;
				CLANG_ANALYZER_NONNULL = YES;
				CLANG_CXX_LANGUAGE_STANDARD = "gnu++0x";
				CLANG_CXX_LIBRARY = "libc++";
				CLANG_ENABLE_MODULES = YES;
				CLANG_ENABLE_OBJC_ARC = YES;
				CLANG_WARN_BOOL_CONVERSION = YES;
				CLANG_WARN_CONSTANT_CONVERSION = YES;
				CLANG_WARN_DIRECT_OBJC_ISA_USAGE = YES_ERROR;
				CLANG_WARN_DOCUMENTATION_COMMENTS = YES;
				CLANG_WARN_EMPTY_BODY = YES;
				CLANG_WARN_ENUM_CONVERSION = YES;
				CLANG_WARN_INFINITE_RECURSION = YES;
				CLANG_WARN_INT_CONVERSION = YES;
				CLANG_WARN_OBJC_ROOT_CLASS = YES_ERROR;
				CLANG_WARN_SUSPICIOUS_MOVE = YES;
				CLANG_WARN_UNREACHABLE_CODE = YES;
				CLANG_WARN__DUPLICATE_METHOD_MATCH = YES;
				"CODE_SIGN_IDENTITY[sdk=iphoneos*]" = "iPhone Developer";
				COPY_PHASE_STRIP = NO;
				DEBUG_INFORMATION_FORMAT = "dwarf-with-dsym";
				ENABLE_NS_ASSERTIONS = NO;
				ENABLE_STRICT_OBJC_MSGSEND = YES;
				GCC_C_LANGUAGE_STANDARD = gnu99;
				GCC_NO_COMMON_BLOCKS = YES;
				GCC_WARN_64_TO_32_BIT_CONVERSION = YES;
				GCC_WARN_ABOUT_RETURN_TYPE = YES_ERROR;
				GCC_WARN_UNDECLARED_SELECTOR = YES;
				GCC_WARN_UNINITIALIZED_AUTOS = YES_AGGRESSIVE;
				GCC_WARN_UNUSED_FUNCTION = YES;
				GCC_WARN_UNUSED_VARIABLE = YES;
				IPHONEOS_DEPLOYMENT_TARGET = 10.2;
				MTL_ENABLE_DEBUG_INFO = NO;
				SDKROOT = iphoneos;
				VALIDATE_PRODUCT = YES;
			};
			name = Release;
		};
		7EBB3C661E272D0100E810DA /* Debug */ = {
			isa = XCBuildConfiguration;
			baseConfigurationReference = EFA50BFC62D3BEEE642C73A3 /* Pods-CF360.debug.xcconfig */;
			buildSettings = {
				ASSETCATALOG_COMPILER_APPICON_NAME = AppIcon;
				GCC_PREFIX_HEADER = CF360/PrefixHeader.pch;
				INFOPLIST_FILE = CF360/Info.plist;
				IPHONEOS_DEPLOYMENT_TARGET = 8.0;
				LD_RUNPATH_SEARCH_PATHS = "$(inherited) @executable_path/Frameworks";
				PRODUCT_BUNDLE_IDENTIFIER = cn.junde.CF360;
				PRODUCT_NAME = "$(TARGET_NAME)";
				TARGETED_DEVICE_FAMILY = 1;
			};
			name = Debug;
		};
		7EBB3C671E272D0100E810DA /* Release */ = {
			isa = XCBuildConfiguration;
			baseConfigurationReference = 58233FFB200C27DCDEC53DA9 /* Pods-CF360.release.xcconfig */;
			buildSettings = {
				ASSETCATALOG_COMPILER_APPICON_NAME = AppIcon;
				GCC_PREFIX_HEADER = CF360/PrefixHeader.pch;
				INFOPLIST_FILE = CF360/Info.plist;
				IPHONEOS_DEPLOYMENT_TARGET = 8.0;
				LD_RUNPATH_SEARCH_PATHS = "$(inherited) @executable_path/Frameworks";
				PRODUCT_BUNDLE_IDENTIFIER = cn.junde.CF360;
				PRODUCT_NAME = "$(TARGET_NAME)";
				TARGETED_DEVICE_FAMILY = 1;
			};
			name = Release;
		};
		7EBB3C691E272D0100E810DA /* Debug */ = {
			isa = XCBuildConfiguration;
			baseConfigurationReference = 4ED1419B254BFF38F8D47442 /* Pods-CF360Tests.debug.xcconfig */;
			buildSettings = {
				BUNDLE_LOADER = "$(TEST_HOST)";
				INFOPLIST_FILE = CF360Tests/Info.plist;
				LD_RUNPATH_SEARCH_PATHS = "$(inherited) @executable_path/Frameworks @loader_path/Frameworks";
				PRODUCT_BUNDLE_IDENTIFIER = cn.junde.CF360Tests;
				PRODUCT_NAME = "$(TARGET_NAME)";
				TEST_HOST = "$(BUILT_PRODUCTS_DIR)/CF360.app/CF360";
			};
			name = Debug;
		};
		7EBB3C6A1E272D0100E810DA /* Release */ = {
			isa = XCBuildConfiguration;
			baseConfigurationReference = C4EFFE4F8C1E8EC35A0FFEF3 /* Pods-CF360Tests.release.xcconfig */;
			buildSettings = {
				BUNDLE_LOADER = "$(TEST_HOST)";
				INFOPLIST_FILE = CF360Tests/Info.plist;
				LD_RUNPATH_SEARCH_PATHS = "$(inherited) @executable_path/Frameworks @loader_path/Frameworks";
				PRODUCT_BUNDLE_IDENTIFIER = cn.junde.CF360Tests;
				PRODUCT_NAME = "$(TARGET_NAME)";
				TEST_HOST = "$(BUILT_PRODUCTS_DIR)/CF360.app/CF360";
			};
			name = Release;
		};
/* End XCBuildConfiguration section */

/* Begin XCConfigurationList section */
		7EBB3C3E1E272D0100E810DA /* Build configuration list for PBXProject "CF360" */ = {
			isa = XCConfigurationList;
			buildConfigurations = (
				7EBB3C631E272D0100E810DA /* Debug */,
				7EBB3C641E272D0100E810DA /* Release */,
			);
			defaultConfigurationIsVisible = 0;
			defaultConfigurationName = Release;
		};
		7EBB3C651E272D0100E810DA /* Build configuration list for PBXNativeTarget "CF360" */ = {
			isa = XCConfigurationList;
			buildConfigurations = (
				7EBB3C661E272D0100E810DA /* Debug */,
				7EBB3C671E272D0100E810DA /* Release */,
			);
			defaultConfigurationIsVisible = 0;
			defaultConfigurationName = Release;
		};
		7EBB3C681E272D0100E810DA /* Build configuration list for PBXNativeTarget "CF360Tests" */ = {
			isa = XCConfigurationList;
			buildConfigurations = (
				7EBB3C691E272D0100E810DA /* Debug */,
				7EBB3C6A1E272D0100E810DA /* Release */,
			);
			defaultConfigurationIsVisible = 0;
			defaultConfigurationName = Release;
		};
/* End XCConfigurationList section */
	};
	rootObject = 7EBB3C3B1E272D0100E810DA /* Project object */;
}
